// !$*UTF8*$!
{
	archiveVersion = 1;
	classes = {
	};
	objectVersion = 50;
	objects = {

/* Begin PBXBuildFile section */
		2DE2968E257DD434004BD00B /* AppDelegate.swift in Sources */ = {isa = PBXBuildFile; fileRef = 2DE2968D257DD434004BD00B /* AppDelegate.swift */; };
		2DE29690257DD434004BD00B /* SceneDelegate.swift in Sources */ = {isa = PBXBuildFile; fileRef = 2DE2968F257DD434004BD00B /* SceneDelegate.swift */; };
		2DE29692257DD434004BD00B /* ViewController.swift in Sources */ = {isa = PBXBuildFile; fileRef = 2DE29691257DD434004BD00B /* ViewController.swift */; };
		2DE29697257DD437004BD00B /* Assets.xcassets in Resources */ = {isa = PBXBuildFile; fileRef = 2DE29696257DD437004BD00B /* Assets.xcassets */; };
		2DE2969A257DD437004BD00B /* LaunchScreen.storyboard in Resources */ = {isa = PBXBuildFile; fileRef = 2DE29698257DD437004BD00B /* LaunchScreen.storyboard */; };
		2DE296A5257DD437004BD00B /* nightowlsTests.swift in Sources */ = {isa = PBXBuildFile; fileRef = 2DE296A4257DD437004BD00B /* nightowlsTests.swift */; };
		2DE296B0257DD437004BD00B /* nightowlsUITests.swift in Sources */ = {isa = PBXBuildFile; fileRef = 2DE296AF257DD437004BD00B /* nightowlsUITests.swift */; };
		60F3C0FA25801B210041ACC4 /* SignUpViewController.swift in Sources */ = {isa = PBXBuildFile; fileRef = 60F3C0F925801B210041ACC4 /* SignUpViewController.swift */; };
		60F3C0FF25802DF90041ACC4 /* PartyTableViewCell.swift in Sources */ = {isa = PBXBuildFile; fileRef = 60F3C0FE25802DF90041ACC4 /* PartyTableViewCell.swift */; };
		60F3C10425802EB90041ACC4 /* PartyViewController.swift in Sources */ = {isa = PBXBuildFile; fileRef = 60F3C10325802EB90041ACC4 /* PartyViewController.swift */; };
/* End PBXBuildFile section */

/* Begin PBXContainerItemProxy section */
		2DE296A1257DD437004BD00B /* PBXContainerItemProxy */ = {
			isa = PBXContainerItemProxy;
			containerPortal = 2DE29682257DD434004BD00B /* Project object */;
			proxyType = 1;
			remoteGlobalIDString = 2DE29689257DD434004BD00B;
			remoteInfo = nightowls;
		};
		2DE296AC257DD437004BD00B /* PBXContainerItemProxy */ = {
			isa = PBXContainerItemProxy;
			containerPortal = 2DE29682257DD434004BD00B /* Project object */;
			proxyType = 1;
			remoteGlobalIDString = 2DE29689257DD434004BD00B;
			remoteInfo = nightowls;
		};
/* End PBXContainerItemProxy section */

/* Begin PBXFileReference section */
		2DE2968A257DD434004BD00B /* nightowls.app */ = {isa = PBXFileReference; explicitFileType = wrapper.application; includeInIndex = 0; path = nightowls.app; sourceTree = BUILT_PRODUCTS_DIR; };
		2DE2968D257DD434004BD00B /* AppDelegate.swift */ = {isa = PBXFileReference; lastKnownFileType = sourcecode.swift; path = AppDelegate.swift; sourceTree = "<group>"; };
		2DE2968F257DD434004BD00B /* SceneDelegate.swift */ = {isa = PBXFileReference; lastKnownFileType = sourcecode.swift; path = SceneDelegate.swift; sourceTree = "<group>"; };
		2DE29691257DD434004BD00B /* ViewController.swift */ = {isa = PBXFileReference; lastKnownFileType = sourcecode.swift; path = ViewController.swift; sourceTree = "<group>"; };
		2DE29696257DD437004BD00B /* Assets.xcassets */ = {isa = PBXFileReference; lastKnownFileType = folder.assetcatalog; path = Assets.xcassets; sourceTree = "<group>"; };
		2DE29699257DD437004BD00B /* Base */ = {isa = PBXFileReference; lastKnownFileType = file.storyboard; name = Base; path = Base.lproj/LaunchScreen.storyboard; sourceTree = "<group>"; };
		2DE2969B257DD437004BD00B /* Info.plist */ = {isa = PBXFileReference; lastKnownFileType = text.plist.xml; path = Info.plist; sourceTree = "<group>"; };
		2DE296A0257DD437004BD00B /* nightowlsTests.xctest */ = {isa = PBXFileReference; explicitFileType = wrapper.cfbundle; includeInIndex = 0; path = nightowlsTests.xctest; sourceTree = BUILT_PRODUCTS_DIR; };
		2DE296A4257DD437004BD00B /* nightowlsTests.swift */ = {isa = PBXFileReference; lastKnownFileType = sourcecode.swift; path = nightowlsTests.swift; sourceTree = "<group>"; };
		2DE296A6257DD437004BD00B /* Info.plist */ = {isa = PBXFileReference; lastKnownFileType = text.plist.xml; path = Info.plist; sourceTree = "<group>"; };
		2DE296AB257DD437004BD00B /* nightowlsUITests.xctest */ = {isa = PBXFileReference; explicitFileType = wrapper.cfbundle; includeInIndex = 0; path = nightowlsUITests.xctest; sourceTree = BUILT_PRODUCTS_DIR; };
		2DE296AF257DD437004BD00B /* nightowlsUITests.swift */ = {isa = PBXFileReference; lastKnownFileType = sourcecode.swift; path = nightowlsUITests.swift; sourceTree = "<group>"; };
		2DE296B1257DD437004BD00B /* Info.plist */ = {isa = PBXFileReference; lastKnownFileType = text.plist.xml; path = Info.plist; sourceTree = "<group>"; };
		60F3C0F925801B210041ACC4 /* SignUpViewController.swift */ = {isa = PBXFileReference; lastKnownFileType = sourcecode.swift; path = SignUpViewController.swift; sourceTree = "<group>"; };
		60F3C0FE25802DF90041ACC4 /* PartyTableViewCell.swift */ = {isa = PBXFileReference; lastKnownFileType = sourcecode.swift; path = PartyTableViewCell.swift; sourceTree = "<group>"; };
		60F3C10325802EB90041ACC4 /* PartyViewController.swift */ = {isa = PBXFileReference; lastKnownFileType = sourcecode.swift; path = PartyViewController.swift; sourceTree = "<group>"; };
/* End PBXFileReference section */

/* Begin PBXFrameworksBuildPhase section */
		2DE29687257DD434004BD00B /* Frameworks */ = {
			isa = PBXFrameworksBuildPhase;
			buildActionMask = 2147483647;
			files = (
			);
			runOnlyForDeploymentPostprocessing = 0;
		};
		2DE2969D257DD437004BD00B /* Frameworks */ = {
			isa = PBXFrameworksBuildPhase;
			buildActionMask = 2147483647;
			files = (
			);
			runOnlyForDeploymentPostprocessing = 0;
		};
		2DE296A8257DD437004BD00B /* Frameworks */ = {
			isa = PBXFrameworksBuildPhase;
			buildActionMask = 2147483647;
			files = (
			);
			runOnlyForDeploymentPostprocessing = 0;
		};
/* End PBXFrameworksBuildPhase section */

/* Begin PBXGroup section */
		2DE29681257DD434004BD00B = {
			isa = PBXGroup;
			children = (
				2DE2968C257DD434004BD00B /* nightowls */,
				2DE296A3257DD437004BD00B /* nightowlsTests */,
				2DE296AE257DD437004BD00B /* nightowlsUITests */,
				2DE2968B257DD434004BD00B /* Products */,
			);
			sourceTree = "<group>";
		};
		2DE2968B257DD434004BD00B /* Products */ = {
			isa = PBXGroup;
			children = (
				2DE2968A257DD434004BD00B /* nightowls.app */,
				2DE296A0257DD437004BD00B /* nightowlsTests.xctest */,
				2DE296AB257DD437004BD00B /* nightowlsUITests.xctest */,
			);
			name = Products;
			sourceTree = "<group>";
		};
		2DE2968C257DD434004BD00B /* nightowls */ = {
			isa = PBXGroup;
			children = (
				2DE2968D257DD434004BD00B /* AppDelegate.swift */,
				2DE2968F257DD434004BD00B /* SceneDelegate.swift */,
				2DE29691257DD434004BD00B /* ViewController.swift */,
				60F3C0F925801B210041ACC4 /* SignUpViewController.swift */,
				60F3C0FE25802DF90041ACC4 /* PartyTableViewCell.swift */,
				60F3C10325802EB90041ACC4 /* PartyViewController.swift */,
				2DE29693257DD434004BD00B /* Main.storyboard */,
				2DE29696257DD437004BD00B /* Assets.xcassets */,
				2DE29698257DD437004BD00B /* LaunchScreen.storyboard */,
				2DE2969B257DD437004BD00B /* Info.plist */,
			);
			path = nightowls;
			sourceTree = "<group>";
		};
		2DE296A3257DD437004BD00B /* nightowlsTests */ = {
			isa = PBXGroup;
			children = (
				2DE296A4257DD437004BD00B /* nightowlsTests.swift */,
				2DE296A6257DD437004BD00B /* Info.plist */,
			);
			path = nightowlsTests;
			sourceTree = "<group>";
		};
		2DE296AE257DD437004BD00B /* nightowlsUITests */ = {
			isa = PBXGroup;
			children = (
				2DE296AF257DD437004BD00B /* nightowlsUITests.swift */,
				2DE296B1257DD437004BD00B /* Info.plist */,
			);
			path = nightowlsUITests;
			sourceTree = "<group>";
		};
/* End PBXGroup section */

/* Begin PBXNativeTarget section */
		2DE29689257DD434004BD00B /* nightowls */ = {
			isa = PBXNativeTarget;
			buildConfigurationList = 2DE296B4257DD437004BD00B /* Build configuration list for PBXNativeTarget "nightowls" */;
			buildPhases = (
				2DE29686257DD434004BD00B /* Sources */,
				2DE29687257DD434004BD00B /* Frameworks */,
				2DE29688257DD434004BD00B /* Resources */,
			);
			buildRules = (
			);
			dependencies = (
			);
			name = nightowls;
			productName = nightowls;
			productReference = 2DE2968A257DD434004BD00B /* nightowls.app */;
			productType = "com.apple.product-type.application";
		};
		2DE2969F257DD437004BD00B /* nightowlsTests */ = {
			isa = PBXNativeTarget;
			buildConfigurationList = 2DE296B7257DD437004BD00B /* Build configuration list for PBXNativeTarget "nightowlsTests" */;
			buildPhases = (
				2DE2969C257DD437004BD00B /* Sources */,
				2DE2969D257DD437004BD00B /* Frameworks */,
				2DE2969E257DD437004BD00B /* Resources */,
			);
			buildRules = (
			);
			dependencies = (
				2DE296A2257DD437004BD00B /* PBXTargetDependency */,
			);
			name = nightowlsTests;
			productName = nightowlsTests;
			productReference = 2DE296A0257DD437004BD00B /* nightowlsTests.xctest */;
			productType = "com.apple.product-type.bundle.unit-test";
		};
		2DE296AA257DD437004BD00B /* nightowlsUITests */ = {
			isa = PBXNativeTarget;
			buildConfigurationList = 2DE296BA257DD437004BD00B /* Build configuration list for PBXNativeTarget "nightowlsUITests" */;
			buildPhases = (
				2DE296A7257DD437004BD00B /* Sources */,
				2DE296A8257DD437004BD00B /* Frameworks */,
				2DE296A9257DD437004BD00B /* Resources */,
			);
			buildRules = (
			);
			dependencies = (
				2DE296AD257DD437004BD00B /* PBXTargetDependency */,
			);
			name = nightowlsUITests;
			productName = nightowlsUITests;
			productReference = 2DE296AB257DD437004BD00B /* nightowlsUITests.xctest */;
			productType = "com.apple.product-type.bundle.ui-testing";
		};
/* End PBXNativeTarget section */

/* Begin PBXProject section */
		2DE29682257DD434004BD00B /* Project object */ = {
			isa = PBXProject;
			attributes = {
				LastSwiftUpdateCheck = 1220;
				LastUpgradeCheck = 1220;
				TargetAttributes = {
					2DE29689257DD434004BD00B = {
						CreatedOnToolsVersion = 12.2;
					};
					2DE2969F257DD437004BD00B = {
						CreatedOnToolsVersion = 12.2;
						TestTargetID = 2DE29689257DD434004BD00B;
					};
					2DE296AA257DD437004BD00B = {
						CreatedOnToolsVersion = 12.2;
						TestTargetID = 2DE29689257DD434004BD00B;
					};
				};
			};
			buildConfigurationList = 2DE29685257DD434004BD00B /* Build configuration list for PBXProject "nightowls" */;
			compatibilityVersion = "Xcode 9.3";
			developmentRegion = en;
			hasScannedForEncodings = 0;
			knownRegions = (
				en,
				Base,
			);
			mainGroup = 2DE29681257DD434004BD00B;
			productRefGroup = 2DE2968B257DD434004BD00B /* Products */;
			projectDirPath = "";
			projectRoot = "";
			targets = (
				2DE29689257DD434004BD00B /* nightowls */,
				2DE2969F257DD437004BD00B /* nightowlsTests */,
				2DE296AA257DD437004BD00B /* nightowlsUITests */,
			);
		};
/* End PBXProject section */

/* Begin PBXResourcesBuildPhase section */
		2DE29688257DD434004BD00B /* Resources */ = {
			isa = PBXResourcesBuildPhase;
			buildActionMask = 2147483647;
			files = (
				2DE2969A257DD437004BD00B /* LaunchScreen.storyboard in Resources */,
				2DE29697257DD437004BD00B /* Assets.xcassets in Resources */,
			);
			runOnlyForDeploymentPostprocessing = 0;
		};
		2DE2969E257DD437004BD00B /* Resources */ = {
			isa = PBXResourcesBuildPhase;
			buildActionMask = 2147483647;
			files = (
			);
			runOnlyForDeploymentPostprocessing = 0;
		};
		2DE296A9257DD437004BD00B /* Resources */ = {
			isa = PBXResourcesBuildPhase;
			buildActionMask = 2147483647;
			files = (
			);
			runOnlyForDeploymentPostprocessing = 0;
		};
/* End PBXResourcesBuildPhase section */

/* Begin PBXSourcesBuildPhase section */
		2DE29686257DD434004BD00B /* Sources */ = {
			isa = PBXSourcesBuildPhase;
			buildActionMask = 2147483647;
			files = (
				2DE29692257DD434004BD00B /* ViewController.swift in Sources */,
				60F3C10425802EB90041ACC4 /* PartyViewController.swift in Sources */,
				2DE2968E257DD434004BD00B /* AppDelegate.swift in Sources */,
				60F3C0FA25801B210041ACC4 /* SignUpViewController.swift in Sources */,
				2DE29690257DD434004BD00B /* SceneDelegate.swift in Sources */,
				60F3C0FF25802DF90041ACC4 /* PartyTableViewCell.swift in Sources */,
			);
			runOnlyForDeploymentPostprocessing = 0;
		};
		2DE2969C257DD437004BD00B /* Sources */ = {
			isa = PBXSourcesBuildPhase;
			buildActionMask = 2147483647;
			files = (
				2DE296A5257DD437004BD00B /* nightowlsTests.swift in Sources */,
			);
			runOnlyForDeploymentPostprocessing = 0;
		};
		2DE296A7257DD437004BD00B /* Sources */ = {
			isa = PBXSourcesBuildPhase;
			buildActionMask = 2147483647;
			files = (
				2DE296B0257DD437004BD00B /* nightowlsUITests.swift in Sources */,
			);
			runOnlyForDeploymentPostprocessing = 0;
		};
/* End PBXSourcesBuildPhase section */

/* Begin PBXTargetDependency section */
		2DE296A2257DD437004BD00B /* PBXTargetDependency */ = {
			isa = PBXTargetDependency;
			target = 2DE29689257DD434004BD00B /* nightowls */;
			targetProxy = 2DE296A1257DD437004BD00B /* PBXContainerItemProxy */;
		};
		2DE296AD257DD437004BD00B /* PBXTargetDependency */ = {
			isa = PBXTargetDependency;
			target = 2DE29689257DD434004BD00B /* nightowls */;
			targetProxy = 2DE296AC257DD437004BD00B /* PBXContainerItemProxy */;
		};
/* End PBXTargetDependency section */

/* Begin PBXVariantGroup section */
		2DE29698257DD437004BD00B /* LaunchScreen.storyboard */ = {
			isa = PBXVariantGroup;
			children = (
				2DE29699257DD437004BD00B /* Base */,
			);
			name = LaunchScreen.storyboard;
			sourceTree = "<group>";
		};
/* End PBXVariantGroup section */

/* Begin XCBuildConfiguration section */
		2DE296B2257DD437004BD00B /* Debug */ = {
			isa = XCBuildConfiguration;
			buildSettings = {
				ALWAYS_SEARCH_USER_PATHS = NO;
				CLANG_ANALYZER_NONNULL = YES;
				CLANG_ANALYZER_NUMBER_OBJECT_CONVERSION = YES_AGGRESSIVE;
				CLANG_CXX_LANGUAGE_STANDARD = "gnu++14";
				CLANG_CXX_LIBRARY = "libc++";
				CLANG_ENABLE_MODULES = YES;
				CLANG_ENABLE_OBJC_ARC = YES;
				CLANG_ENABLE_OBJC_WEAK = YES;
				CLANG_WARN_BLOCK_CAPTURE_AUTORELEASING = YES;
				CLANG_WARN_BOOL_CONVERSION = YES;
				CLANG_WARN_COMMA = YES;
				CLANG_WARN_CONSTANT_CONVERSION = YES;
				CLANG_WARN_DEPRECATED_OBJC_IMPLEMENTATIONS = YES;
				CLANG_WARN_DIRECT_OBJC_ISA_USAGE = YES_ERROR;
				CLANG_WARN_DOCUMENTATION_COMMENTS = YES;
				CLANG_WARN_EMPTY_BODY = YES;
				CLANG_WARN_ENUM_CONVERSION = YES;
				CLANG_WARN_INFINITE_RECURSION = YES;
				CLANG_WARN_INT_CONVERSION = YES;
				CLANG_WARN_NON_LITERAL_NULL_CONVERSION = YES;
				CLANG_WARN_OBJC_IMPLICIT_RETAIN_SELF = YES;
				CLANG_WARN_OBJC_LITERAL_CONVERSION = YES;
				CLANG_WARN_OBJC_ROOT_CLASS = YES_ERROR;
				CLANG_WARN_QUOTED_INCLUDE_IN_FRAMEWORK_HEADER = YES;
				CLANG_WARN_RANGE_LOOP_ANALYSIS = YES;
				CLANG_WARN_STRICT_PROTOTYPES = YES;
				CLANG_WARN_SUSPICIOUS_MOVE = YES;
				CLANG_WARN_UNGUARDED_AVAILABILITY = YES_AGGRESSIVE;
				CLANG_WARN_UNREACHABLE_CODE = YES;
				CLANG_WARN__DUPLICATE_METHOD_MATCH = YES;
				COPY_PHASE_STRIP = NO;
				DEBUG_INFORMATION_FORMAT = dwarf;
				ENABLE_STRICT_OBJC_MSGSEND = YES;
				ENABLE_TESTABILITY = YES;
				GCC_C_LANGUAGE_STANDARD = gnu11;
				GCC_DYNAMIC_NO_PIC = NO;
				GCC_NO_COMMON_BLOCKS = YES;
				GCC_OPTIMIZATION_LEVEL = 0;
				GCC_PREPROCESSOR_DEFINITIONS = (
					"DEBUG=1",
					"$(inherited)",
				);
				GCC_WARN_64_TO_32_BIT_CONVERSION = YES;
				GCC_WARN_ABOUT_RETURN_TYPE = YES_ERROR;
				GCC_WARN_UNDECLARED_SELECTOR = YES;
				GCC_WARN_UNINITIALIZED_AUTOS = YES_AGGRESSIVE;
				GCC_WARN_UNUSED_FUNCTION = YES;
				GCC_WARN_UNUSED_VARIABLE = YES;
				IPHONEOS_DEPLOYMENT_TARGET = 14.2;
				MTL_ENABLE_DEBUG_INFO = INCLUDE_SOURCE;
				MTL_FAST_MATH = YES;
				ONLY_ACTIVE_ARCH = YES;
				SDKROOT = iphoneos;
				SWIFT_ACTIVE_COMPILATION_CONDITIONS = DEBUG;
				SWIFT_OPTIMIZATION_LEVEL = "-Onone";
			};
			name = Debug;
		};
		2DE296B3257DD437004BD00B /* Release */ = {
			isa = XCBuildConfiguration;
			buildSettings = {
				ALWAYS_SEARCH_USER_PATHS = NO;
				CLANG_ANALYZER_NONNULL = YES;
				CLANG_ANALYZER_NUMBER_OBJECT_CONVERSION = YES_AGGRESSIVE;
				CLANG_CXX_LANGUAGE_STANDARD = "gnu++14";
				CLANG_CXX_LIBRARY = "libc++";
				CLANG_ENABLE_MODULES = YES;
				CLANG_ENABLE_OBJC_ARC = YES;
				CLANG_ENABLE_OBJC_WEAK = YES;
				CLANG_WARN_BLOCK_CAPTURE_AUTORELEASING = YES;
				CLANG_WARN_BOOL_CONVERSION = YES;
				CLANG_WARN_COMMA = YES;
				CLANG_WARN_CONSTANT_CONVERSION = YES;
				CLANG_WARN_DEPRECATED_OBJC_IMPLEMENTATIONS = YES;
				CLANG_WARN_DIRECT_OBJC_ISA_USAGE = YES_ERROR;
				CLANG_WARN_DOCUMENTATION_COMMENTS = YES;
				CLANG_WARN_EMPTY_BODY = YES;
				CLANG_WARN_ENUM_CONVERSION = YES;
				CLANG_WARN_INFINITE_RECURSION = YES;
				CLANG_WARN_INT_CONVERSION = YES;
				CLANG_WARN_NON_LITERAL_NULL_CONVERSION = YES;
				CLANG_WARN_OBJC_IMPLICIT_RETAIN_SELF = YES;
				CLANG_WARN_OBJC_LITERAL_CONVERSION = YES;
				CLANG_WARN_OBJC_ROOT_CLASS = YES_ERROR;
				CLANG_WARN_QUOTED_INCLUDE_IN_FRAMEWORK_HEADER = YES;
				CLANG_WARN_RANGE_LOOP_ANALYSIS = YES;
				CLANG_WARN_STRICT_PROTOTYPES = YES;
				CLANG_WARN_SUSPICIOUS_MOVE = YES;
				CLANG_WARN_UNGUARDED_AVAILABILITY = YES_AGGRESSIVE;
				CLANG_WARN_UNREACHABLE_CODE = YES;
				CLANG_WARN__DUPLICATE_METHOD_MATCH = YES;
				COPY_PHASE_STRIP = NO;
				DEBUG_INFORMATION_FORMAT = "dwarf-with-dsym";
				ENABLE_NS_ASSERTIONS = NO;
				ENABLE_STRICT_OBJC_MSGSEND = YES;
				GCC_C_LANGUAGE_STANDARD = gnu11;
				GCC_NO_COMMON_BLOCKS = YES;
				GCC_WARN_64_TO_32_BIT_CONVERSION = YES;
				GCC_WARN_ABOUT_RETURN_TYPE = YES_ERROR;
				GCC_WARN_UNDECLARED_SELECTOR = YES;
				GCC_WARN_UNINITIALIZED_AUTOS = YES_AGGRESSIVE;
				GCC_WARN_UNUSED_FUNCTION = YES;
				GCC_WARN_UNUSED_VARIABLE = YES;
				IPHONEOS_DEPLOYMENT_TARGET = 14.2;
				MTL_ENABLE_DEBUG_INFO = NO;
				MTL_FAST_MATH = YES;
				SDKROOT = iphoneos;
				SWIFT_COMPILATION_MODE = wholemodule;
				SWIFT_OPTIMIZATION_LEVEL = "-O";
				VALIDATE_PRODUCT = YES;
			};
			name = Release;
		};
		2DE296B5257DD437004BD00B /* Debug */ = {
			isa = XCBuildConfiguration;
			buildSettings = {
				ASSETCATALOG_COMPILER_APPICON_NAME = AppIcon;
				ASSETCATALOG_COMPILER_GLOBAL_ACCENT_COLOR_NAME = AccentColor;
				CODE_SIGN_STYLE = Automatic;
				DEVELOPMENT_TEAM = 49H3U58BBD;
				INFOPLIST_FILE = nightowls/Info.plist;
				LD_RUNPATH_SEARCH_PATHS = (
					"$(inherited)",
					"@executable_path/Frameworks",
				);
				PRODUCT_BUNDLE_IDENTIFIER = com.elvis.nightowls;
				PRODUCT_NAME = "$(TARGET_NAME)";
				SWIFT_VERSION = 5.0;
				TARGETED_DEVICE_FAMILY = "1,2";
			};
			name = Debug;
		};
		2DE296B6257DD437004BD00B /* Release */ = {
			isa = XCBuildConfiguration;
			buildSettings = {
				ASSETCATALOG_COMPILER_APPICON_NAME = AppIcon;
				ASSETCATALOG_COMPILER_GLOBAL_ACCENT_COLOR_NAME = AccentColor;
				CODE_SIGN_STYLE = Automatic;
				DEVELOPMENT_TEAM = 49H3U58BBD;
				INFOPLIST_FILE = nightowls/Info.plist;
				LD_RUNPATH_SEARCH_PATHS = (
					"$(inherited)",
					"@executable_path/Frameworks",
				);
				PRODUCT_BUNDLE_IDENTIFIER = com.elvis.nightowls;
				PRODUCT_NAME = "$(TARGET_NAME)";
				SWIFT_VERSION = 5.0;
				TARGETED_DEVICE_FAMILY = "1,2";
			};
			name = Release;
		};
		2DE296B8257DD437004BD00B /* Debug */ = {
			isa = XCBuildConfiguration;
			buildSettings = {
				ALWAYS_EMBED_SWIFT_STANDARD_LIBRARIES = YES;
				BUNDLE_LOADER = "$(TEST_HOST)";
				CODE_SIGN_STYLE = Automatic;
				DEVELOPMENT_TEAM = 49H3U58BBD;
				INFOPLIST_FILE = nightowlsTests/Info.plist;
				IPHONEOS_DEPLOYMENT_TARGET = 14.2;
				LD_RUNPATH_SEARCH_PATHS = (
					"$(inherited)",
					"@executable_path/Frameworks",
					"@loader_path/Frameworks",
				);
				PRODUCT_BUNDLE_IDENTIFIER = com.elvis.nightowlsTests;
				PRODUCT_NAME = "$(TARGET_NAME)";
				SWIFT_VERSION = 5.0;
				TARGETED_DEVICE_FAMILY = "1,2";
				TEST_HOST = "$(BUILT_PRODUCTS_DIR)/nightowls.app/nightowls";
			};
			name = Debug;
		};
		2DE296B9257DD437004BD00B /* Release */ = {
			isa = XCBuildConfiguration;
			buildSettings = {
				ALWAYS_EMBED_SWIFT_STANDARD_LIBRARIES = YES;
				BUNDLE_LOADER = "$(TEST_HOST)";
				CODE_SIGN_STYLE = Automatic;
				DEVELOPMENT_TEAM = 49H3U58BBD;
				INFOPLIST_FILE = nightowlsTests/Info.plist;
				IPHONEOS_DEPLOYMENT_TARGET = 14.2;
				LD_RUNPATH_SEARCH_PATHS = (
					"$(inherited)",
					"@executable_path/Frameworks",
					"@loader_path/Frameworks",
				);
				PRODUCT_BUNDLE_IDENTIFIER = com.elvis.nightowlsTests;
				PRODUCT_NAME = "$(TARGET_NAME)";
				SWIFT_VERSION = 5.0;
				TARGETED_DEVICE_FAMILY = "1,2";
				TEST_HOST = "$(BUILT_PRODUCTS_DIR)/nightowls.app/nightowls";
			};
			name = Release;
		};
		2DE296BB257DD437004BD00B /* Debug */ = {
			isa = XCBuildConfiguration;
			buildSettings = {
				ALWAYS_EMBED_SWIFT_STANDARD_LIBRARIES = YES;
				CODE_SIGN_STYLE = Automatic;
				DEVELOPMENT_TEAM = 49H3U58BBD;
				INFOPLIST_FILE = nightowlsUITests/Info.plist;
				LD_RUNPATH_SEARCH_PATHS = (
					"$(inherited)",
					"@executable_path/Frameworks",
					"@loader_path/Frameworks",
				);
				PRODUCT_BUNDLE_IDENTIFIER = com.elvis.nightowlsUITests;
				PRODUCT_NAME = "$(TARGET_NAME)";
				SWIFT_VERSION = 5.0;
				TARGETED_DEVICE_FAMILY = "1,2";
				TEST_TARGET_NAME = nightowls;
			};
			name = Debug;
		};
		2DE296BC257DD437004BD00B /* Release */ = {
			isa = XCBuildConfiguration;
			buildSettings = {
				ALWAYS_EMBED_SWIFT_STANDARD_LIBRARIES = YES;
				CODE_SIGN_STYLE = Automatic;
				DEVELOPMENT_TEAM = 49H3U58BBD;
				INFOPLIST_FILE = nightowlsUITests/Info.plist;
				LD_RUNPATH_SEARCH_PATHS = (
					"$(inherited)",
					"@executable_path/Frameworks",
					"@loader_path/Frameworks",
				);
				PRODUCT_BUNDLE_IDENTIFIER = com.elvis.nightowlsUITests;
				PRODUCT_NAME = "$(TARGET_NAME)";
				SWIFT_VERSION = 5.0;
				TARGETED_DEVICE_FAMILY = "1,2";
				TEST_TARGET_NAME = nightowls;
			};
			name = Release;
		};
/* End XCBuildConfiguration section */

/* Begin XCConfigurationList section */
		2DE29685257DD434004BD00B /* Build configuration list for PBXProject "nightowls" */ = {
			isa = XCConfigurationList;
			buildConfigurations = (
				2DE296B2257DD437004BD00B /* Debug */,
				2DE296B3257DD437004BD00B /* Release */,
			);
			defaultConfigurationIsVisible = 0;
			defaultConfigurationName = Release;
		};
		2DE296B4257DD437004BD00B /* Build configuration list for PBXNativeTarget "nightowls" */ = {
			isa = XCConfigurationList;
			buildConfigurations = (
				2DE296B5257DD437004BD00B /* Debug */,
				2DE296B6257DD437004BD00B /* Release */,
			);
			defaultConfigurationIsVisible = 0;
			defaultConfigurationName = Release;
		};
		2DE296B7257DD437004BD00B /* Build configuration list for PBXNativeTarget "nightowlsTests" */ = {
			isa = XCConfigurationList;
			buildConfigurations = (
				2DE296B8257DD437004BD00B /* Debug */,
				2DE296B9257DD437004BD00B /* Release */,
			);
			defaultConfigurationIsVisible = 0;
			defaultConfigurationName = Release;
		};
		2DE296BA257DD437004BD00B /* Build configuration list for PBXNativeTarget "nightowlsUITests" */ = {
			isa = XCConfigurationList;
			buildConfigurations = (
				2DE296BB257DD437004BD00B /* Debug */,
				2DE296BC257DD437004BD00B /* Release */,
			);
			defaultConfigurationIsVisible = 0;
			defaultConfigurationName = Release;
		};
/* End XCConfigurationList section */
	};
	rootObject = 2DE29682257DD434004BD00B /* Project object */;
}
